{
  "name": "ytsr",
  "version": "1.0.0",
  "lockfileVersion": 1,
  "requires": true,
  "dependencies": {
    "html-entities": {
      "version": "1.3.1",
      "resolved": "https://registry.npmjs.org/html-entities/-/html-entities-1.3.1.tgz",
      "integrity": "sha512-rhE/4Z3hIhzHAUKbW8jVcCyuT5oJCXXqhN/6mXXVCpzTmvJnoH2HL/bt3EZ6p55jbFJBeAe1ZNpL5BugLujxNA=="
    },
    "miniget": {
      "version": "2.0.1",
      "resolved": "https://registry.npmjs.org/miniget/-/miniget-2.0.1.tgz",
      "integrity": "sha512-MX+QfVIPAutz6c+T7WKuFKtjcw0nOyRRh1ubhTDD+z/e/pKcSAsfAV63aQKUgb1MFRT1GyfJeW53N5fHkX0wIA=="
    }
  }
}
